
Microsoft Visual Studio Solution File, Format Version 12.00
# Visual Studio Version 16
VisualStudioVersion = 16.0.30114.105
MinimumVisualStudioVersion = 10.0.40219.1
Project("{2150E333-8FDC-42A3-9474-1A3956D46DE8}") = "src", "src", "{5EA5CB88-BBD2-4654-821D-CFBA5003337C}"
EndProject
Project("{F2A71F9B-5D33-465A-A702-920D77279786}") = "Flann", "src\Flann\Flann.fsproj", "{1311BFE5-9D94-470C-8059-2B745BDBD0F6}"
EndProject
Project("{F2A71F9B-5D33-465A-A702-920D77279786}") = "Demo", "src\Demo\Demo.fsproj", "{9ACFE57E-4EFC-43E6-9716-7E534CC8950B}"
EndProject
Global
	GlobalSection(SolutionConfigurationPlatforms) = preSolution
		Debug|Any CPU = Debug|Any CPU
		Release|Any CPU = Release|Any CPU
	EndGlobalSection
	GlobalSection(SolutionProperties) = preSolution
		HideSolutionNode = FALSE
	EndGlobalSection
	GlobalSection(ProjectConfigurationPlatforms) = postSolution
		{1311BFE5-9D94-470C-8059-2B745BDBD0F6}.Debug|Any CPU.ActiveCfg = Debug|Any CPU
		{1311BFE5-9D94-470C-8059-2B745BDBD0F6}.Debug|Any CPU.Build.0 = Debug|Any CPU
		{1311BFE5-9D94-470C-8059-2B745BDBD0F6}.Release|Any CPU.ActiveCfg = Release|Any CPU
		{1311BFE5-9D94-470C-8059-2B745BDBD0F6}.Release|Any CPU.Build.0 = Release|Any CPU
		{9ACFE57E-4EFC-43E6-9716-7E534CC8950B}.Debug|Any CPU.ActiveCfg = Debug|Any CPU
		{9ACFE57E-4EFC-43E6-9716-7E534CC8950B}.Debug|Any CPU.Build.0 = Debug|Any CPU
		{9ACFE57E-4EFC-43E6-9716-7E534CC8950B}.Release|Any CPU.ActiveCfg = Release|Any CPU
		{9ACFE57E-4EFC-43E6-9716-7E534CC8950B}.Release|Any CPU.Build.0 = Release|Any CPU
	EndGlobalSection
	GlobalSection(NestedProjects) = preSolution
		{1311BFE5-9D94-470C-8059-2B745BDBD0F6} = {5EA5CB88-BBD2-4654-821D-CFBA5003337C}
		{9ACFE57E-4EFC-43E6-9716-7E534CC8950B} = {5EA5CB88-BBD2-4654-821D-CFBA5003337C}
	EndGlobalSection
EndGlobal
